
Microsoft Visual Studio Solution File, Format Version 12.00
# Visual Studio Version 17
VisualStudioVersion = 17.4.33205.214
MinimumVisualStudioVersion = 10.0.40219.1
Project("{9A19103F-16F7-4668-BE54-9A1E7A4F7556}") = "DBLib", "ClassLibrary1\DBLib.csproj", "{69371631-9F40-4E38-BD7F-FA042E92DB24}"
EndProject
Project("{9A19103F-16F7-4668-BE54-9A1E7A4F7556}") = "Checker", "Checker\Checker.csproj", "{CCD8348B-E456-40BB-949E-93124C12232A}"
EndProject
Project("{2150E333-8FDC-42A3-9474-1A3956D46DE8}") = "Solution Items", "Solution Items", "{EE93F5D6-9DC4-4F6F-8567-3F49436DA491}"
	ProjectSection(SolutionItems) = preProject
		.editorconfig = .editorconfig
	EndProjectSection
EndProject
Global
	GlobalSection(SolutionConfigurationPlatforms) = preSolution
		Debug|Any CPU = Debug|Any CPU
		Release|Any CPU = Release|Any CPU
	EndGlobalSection
	GlobalSection(ProjectConfigurationPlatforms) = postSolution
		{69371631-9F40-4E38-BD7F-FA042E92DB24}.Debug|Any CPU.ActiveCfg = Debug|Any CPU
		{69371631-9F40-4E38-BD7F-FA042E92DB24}.Debug|Any CPU.Build.0 = Debug|Any CPU
		{69371631-9F40-4E38-BD7F-FA042E92DB24}.Release|Any CPU.ActiveCfg = Release|Any CPU
		{69371631-9F40-4E38-BD7F-FA042E92DB24}.Release|Any CPU.Build.0 = Release|Any CPU
		{CCD8348B-E456-40BB-949E-93124C12232A}.Debug|Any CPU.ActiveCfg = Debug|Any CPU
		{CCD8348B-E456-40BB-949E-93124C12232A}.Debug|Any CPU.Build.0 = Debug|Any CPU
		{CCD8348B-E456-40BB-949E-93124C12232A}.Release|Any CPU.ActiveCfg = Release|Any CPU
		{CCD8348B-E456-40BB-949E-93124C12232A}.Release|Any CPU.Build.0 = Release|Any CPU
	EndGlobalSection
	GlobalSection(SolutionProperties) = preSolution
		HideSolutionNode = FALSE
	EndGlobalSection
	GlobalSection(ExtensibilityGlobals) = postSolution
		SolutionGuid = {F9CC994E-4BED-468C-AE33-FA1DCBEE0E35}
	EndGlobalSection
EndGlobal
